
Microsoft Visual Studio Solution File, Format Version 12.00
# Visual Studio Version 17
VisualStudioVersion = 17.0.31903.59
MinimumVisualStudioVersion = 10.0.40219.1
Project("{FAE04EC0-301F-11D3-BF4B-00C04F79EFBC}") = "TweetGate", "TweetGate\TweetGate.csproj", "{5EF38BA2-0364-4559-B468-D2E4483D00FA}"
EndProject
Project("{FAE04EC0-301F-11D3-BF4B-00C04F79EFBC}") = "TweetGateCore", "TweetGateCore\TweetGateCore.csproj", "{9E1577C5-2C34-4E10-9CCB-397EA4146F12}"
EndProject
Project("{FAE04EC0-301F-11D3-BF4B-00C04F79EFBC}") = "TweetAggregateTests", "TweetAggregateTests\TweetAggregateTests.csproj", "{1DAFF26F-0415-41CC-BCF2-CA6AF819FE44}"
EndProject
Global
	GlobalSection(SolutionConfigurationPlatforms) = preSolution
		Debug|Any CPU = Debug|Any CPU
		Release|Any CPU = Release|Any CPU
	EndGlobalSection
	GlobalSection(SolutionProperties) = preSolution
		HideSolutionNode = FALSE
	EndGlobalSection
	GlobalSection(ProjectConfigurationPlatforms) = postSolution
		{5EF38BA2-0364-4559-B468-D2E4483D00FA}.Debug|Any CPU.ActiveCfg = Debug|Any CPU
		{5EF38BA2-0364-4559-B468-D2E4483D00FA}.Debug|Any CPU.Build.0 = Debug|Any CPU
		{5EF38BA2-0364-4559-B468-D2E4483D00FA}.Release|Any CPU.ActiveCfg = Release|Any CPU
		{5EF38BA2-0364-4559-B468-D2E4483D00FA}.Release|Any CPU.Build.0 = Release|Any CPU
		{9E1577C5-2C34-4E10-9CCB-397EA4146F12}.Debug|Any CPU.ActiveCfg = Debug|Any CPU
		{9E1577C5-2C34-4E10-9CCB-397EA4146F12}.Debug|Any CPU.Build.0 = Debug|Any CPU
		{9E1577C5-2C34-4E10-9CCB-397EA4146F12}.Release|Any CPU.ActiveCfg = Release|Any CPU
		{9E1577C5-2C34-4E10-9CCB-397EA4146F12}.Release|Any CPU.Build.0 = Release|Any CPU
		{1DAFF26F-0415-41CC-BCF2-CA6AF819FE44}.Debug|Any CPU.ActiveCfg = Debug|Any CPU
		{1DAFF26F-0415-41CC-BCF2-CA6AF819FE44}.Debug|Any CPU.Build.0 = Debug|Any CPU
		{1DAFF26F-0415-41CC-BCF2-CA6AF819FE44}.Release|Any CPU.ActiveCfg = Release|Any CPU
		{1DAFF26F-0415-41CC-BCF2-CA6AF819FE44}.Release|Any CPU.Build.0 = Release|Any CPU
	EndGlobalSection
EndGlobal
